uuid: 207a0112-0dab-495f-b3fd-ead29b117424
langcode: en
status: true
dependencies:
  module:
    - block_field
    - paragraphs
id: paragraph.field_select_block
field_name: field_select_block
entity_type: paragraph
type: block_field
settings: {  }
module: block_field
locked: false
cardinality: 1
translatable: true
indexes: {  }
persist_with_no_fields: false
custom_storage: false
